
Microsoft Visual Studio Solution File, Format Version 12.00
# Visual Studio Version 16
VisualStudioVersion = 16.0.29403.142
MinimumVisualStudioVersion = 10.0.40219.1
Project("{2150E333-8FDC-42A3-9474-1A3956D46DE8}") = "src", "src", "{6179EC80-33DC-4CA2-B077-D063096B9ED3}"
EndProject
Project("{2150E333-8FDC-42A3-9474-1A3956D46DE8}") = "Api1", "Api1", "{8F86FF98-8EEE-4EE6-B5B9-3BE2E4A0D74D}"
EndProject
Project("{2150E333-8FDC-42A3-9474-1A3956D46DE8}") = "Solution Items", "Solution Items", "{D077C790-8A87-4D91-A7CB-6BAA570CB6D3}"
	ProjectSection(SolutionItems) = preProject
		.dockerignore = .dockerignore
		.gitignore = .gitignore
		README.md = README.md
	EndProjectSection
EndProject
Project("{2150E333-8FDC-42A3-9474-1A3956D46DE8}") = "Api2", "Api2", "{DEDEC4ED-072A-48B3-84FC-619C2A6EC05D}"
EndProject
Project("{9A19103F-16F7-4668-BE54-9A1E7A4F7556}") = "Diogo.Softplan.Challenge.Api1.Api", "src\Api1\Diogo.Softplan.Challenge.Api1.Api\Diogo.Softplan.Challenge.Api1.Api.csproj", "{AA8217A2-2B04-4304-8D4C-D3F4E888C8B2}"
EndProject
Project("{9A19103F-16F7-4668-BE54-9A1E7A4F7556}") = "Diogo.Softplan.Challenge.Api1.Domain", "src\Api1\Diogo.Softplan.Challenge.Api1.Domain\Diogo.Softplan.Challenge.Api1.Domain.csproj", "{155AE3D5-48EE-4AF4-B84E-B4FF87948E29}"
EndProject
Project("{9A19103F-16F7-4668-BE54-9A1E7A4F7556}") = "Diogo.Softplan.Challenge.Api1.Application", "src\Api1\Diogo.Softplan.Challenge.Api1.Application\Diogo.Softplan.Challenge.Api1.Application.csproj", "{8517637D-F7F3-427C-8F14-01C5A35999CE}"
EndProject
Project("{2150E333-8FDC-42A3-9474-1A3956D46DE8}") = "tests", "tests", "{A93DAE34-D977-4310-A8E6-4985793850E2}"
EndProject
Project("{9A19103F-16F7-4668-BE54-9A1E7A4F7556}") = "Diogo.Softplan.Challenge.Api1.Tests", "src\Api1\tests\Diogo.Softplan.Challenge.Api1.Tests\Diogo.Softplan.Challenge.Api1.Tests.csproj", "{EC583F3D-1488-4EA5-9B5B-89C90A3A5952}"
EndProject
Project("{9A19103F-16F7-4668-BE54-9A1E7A4F7556}") = "Diogo.Softplan.Challenge.Api2.Api", "src\Api2\Diogo.Softplan.Challenge.Api2.Api\Diogo.Softplan.Challenge.Api2.Api.csproj", "{E2D8DB2C-D0C7-4BE0-A240-41E94240CB7B}"
EndProject
Project("{9A19103F-16F7-4668-BE54-9A1E7A4F7556}") = "Diogo.Softplan.Challenge.Api2.Domain", "src\Api2\Diogo.Softplan.Challenge.Api2.Domain\Diogo.Softplan.Challenge.Api2.Domain.csproj", "{093D045B-7B7D-4A7F-BAF1-717D71D3A6CF}"
EndProject
Project("{9A19103F-16F7-4668-BE54-9A1E7A4F7556}") = "Diogo.Softplan.Challenge.Api2.Infrastructure.Http", "src\Api2\Diogo.Softplan.Challenge.Api2.Infrastructure.Http\Diogo.Softplan.Challenge.Api2.Infrastructure.Http.csproj", "{55040E54-6190-4806-B0CC-D8CDF623FFAE}"
EndProject
Project("{9A19103F-16F7-4668-BE54-9A1E7A4F7556}") = "Diogo.Softplan.Challenge.Api2.Application", "src\Api2\Diogo.Softplan.Challenge.Api2.Application\Diogo.Softplan.Challenge.Api2.Application.csproj", "{833AFD80-94A8-4979-BCD9-BA923FFCB23F}"
EndProject
Project("{E53339B2-1760-4266-BCC7-CA923CBCF16C}") = "docker-compose", "docker-compose.dcproj", "{CCCFBAE4-BA9F-4486-9141-4A7E510CBB0E}"
EndProject
Project("{2150E333-8FDC-42A3-9474-1A3956D46DE8}") = "tests", "tests", "{C3D3C8D0-B5F1-4EE6-93FA-7AF5BD0F4B49}"
EndProject
Project("{9A19103F-16F7-4668-BE54-9A1E7A4F7556}") = "Diogo.Softplan.Challenge.Api2.Tests", "src\Api2\tests\Diogo.Softplan.Challenge.Api2.Tests\Diogo.Softplan.Challenge.Api2.Tests.csproj", "{ACC54D19-1768-4461-8120-083E46732DE2}"
EndProject
Project("{9A19103F-16F7-4668-BE54-9A1E7A4F7556}") = "Diogo.Softplan.Challenge.Api1.Integration.Tests", "src\Api1\tests\Diogo.Softplan.Challenge.Api1.Integration.Tests\Diogo.Softplan.Challenge.Api1.Integration.Tests.csproj", "{17583358-F4AC-4A10-83B6-2C2CDED073E2}"
EndProject
Project("{9A19103F-16F7-4668-BE54-9A1E7A4F7556}") = "Diogo.Softplan.Challenge.Api2.Integration.Tests", "src\Api2\tests\Diogo.Softplan.Challenge.Api2.Integration.Tests\Diogo.Softplan.Challenge.Api2.Integration.Tests.csproj", "{3CC3135C-7D7F-4379-BD95-3CBC27C37F08}"
EndProject
Global
	GlobalSection(SolutionConfigurationPlatforms) = preSolution
		Debug|Any CPU = Debug|Any CPU
		Release|Any CPU = Release|Any CPU
	EndGlobalSection
	GlobalSection(ProjectConfigurationPlatforms) = postSolution
		{AA8217A2-2B04-4304-8D4C-D3F4E888C8B2}.Debug|Any CPU.ActiveCfg = Debug|Any CPU
		{AA8217A2-2B04-4304-8D4C-D3F4E888C8B2}.Debug|Any CPU.Build.0 = Debug|Any CPU
		{AA8217A2-2B04-4304-8D4C-D3F4E888C8B2}.Release|Any CPU.ActiveCfg = Release|Any CPU
		{AA8217A2-2B04-4304-8D4C-D3F4E888C8B2}.Release|Any CPU.Build.0 = Release|Any CPU
		{155AE3D5-48EE-4AF4-B84E-B4FF87948E29}.Debug|Any CPU.ActiveCfg = Debug|Any CPU
		{155AE3D5-48EE-4AF4-B84E-B4FF87948E29}.Debug|Any CPU.Build.0 = Debug|Any CPU
		{155AE3D5-48EE-4AF4-B84E-B4FF87948E29}.Release|Any CPU.ActiveCfg = Release|Any CPU
		{155AE3D5-48EE-4AF4-B84E-B4FF87948E29}.Release|Any CPU.Build.0 = Release|Any CPU
		{8517637D-F7F3-427C-8F14-01C5A35999CE}.Debug|Any CPU.ActiveCfg = Debug|Any CPU
		{8517637D-F7F3-427C-8F14-01C5A35999CE}.Debug|Any CPU.Build.0 = Debug|Any CPU
		{8517637D-F7F3-427C-8F14-01C5A35999CE}.Release|Any CPU.ActiveCfg = Release|Any CPU
		{8517637D-F7F3-427C-8F14-01C5A35999CE}.Release|Any CPU.Build.0 = Release|Any CPU
		{EC583F3D-1488-4EA5-9B5B-89C90A3A5952}.Debug|Any CPU.ActiveCfg = Debug|Any CPU
		{EC583F3D-1488-4EA5-9B5B-89C90A3A5952}.Debug|Any CPU.Build.0 = Debug|Any CPU
		{EC583F3D-1488-4EA5-9B5B-89C90A3A5952}.Release|Any CPU.ActiveCfg = Release|Any CPU
		{EC583F3D-1488-4EA5-9B5B-89C90A3A5952}.Release|Any CPU.Build.0 = Release|Any CPU
		{E2D8DB2C-D0C7-4BE0-A240-41E94240CB7B}.Debug|Any CPU.ActiveCfg = Debug|Any CPU
		{E2D8DB2C-D0C7-4BE0-A240-41E94240CB7B}.Debug|Any CPU.Build.0 = Debug|Any CPU
		{E2D8DB2C-D0C7-4BE0-A240-41E94240CB7B}.Release|Any CPU.ActiveCfg = Release|Any CPU
		{E2D8DB2C-D0C7-4BE0-A240-41E94240CB7B}.Release|Any CPU.Build.0 = Release|Any CPU
		{093D045B-7B7D-4A7F-BAF1-717D71D3A6CF}.Debug|Any CPU.ActiveCfg = Debug|Any CPU
		{093D045B-7B7D-4A7F-BAF1-717D71D3A6CF}.Debug|Any CPU.Build.0 = Debug|Any CPU
		{093D045B-7B7D-4A7F-BAF1-717D71D3A6CF}.Release|Any CPU.ActiveCfg = Release|Any CPU
		{093D045B-7B7D-4A7F-BAF1-717D71D3A6CF}.Release|Any CPU.Build.0 = Release|Any CPU
		{55040E54-6190-4806-B0CC-D8CDF623FFAE}.Debug|Any CPU.ActiveCfg = Debug|Any CPU
		{55040E54-6190-4806-B0CC-D8CDF623FFAE}.Debug|Any CPU.Build.0 = Debug|Any CPU
		{55040E54-6190-4806-B0CC-D8CDF623FFAE}.Release|Any CPU.ActiveCfg = Release|Any CPU
		{55040E54-6190-4806-B0CC-D8CDF623FFAE}.Release|Any CPU.Build.0 = Release|Any CPU
		{833AFD80-94A8-4979-BCD9-BA923FFCB23F}.Debug|Any CPU.ActiveCfg = Debug|Any CPU
		{833AFD80-94A8-4979-BCD9-BA923FFCB23F}.Debug|Any CPU.Build.0 = Debug|Any CPU
		{833AFD80-94A8-4979-BCD9-BA923FFCB23F}.Release|Any CPU.ActiveCfg = Release|Any CPU
		{833AFD80-94A8-4979-BCD9-BA923FFCB23F}.Release|Any CPU.Build.0 = Release|Any CPU
		{CCCFBAE4-BA9F-4486-9141-4A7E510CBB0E}.Debug|Any CPU.ActiveCfg = Debug|Any CPU
		{CCCFBAE4-BA9F-4486-9141-4A7E510CBB0E}.Debug|Any CPU.Build.0 = Debug|Any CPU
		{CCCFBAE4-BA9F-4486-9141-4A7E510CBB0E}.Release|Any CPU.ActiveCfg = Release|Any CPU
		{CCCFBAE4-BA9F-4486-9141-4A7E510CBB0E}.Release|Any CPU.Build.0 = Release|Any CPU
		{ACC54D19-1768-4461-8120-083E46732DE2}.Debug|Any CPU.ActiveCfg = Debug|Any CPU
		{ACC54D19-1768-4461-8120-083E46732DE2}.Debug|Any CPU.Build.0 = Debug|Any CPU
		{ACC54D19-1768-4461-8120-083E46732DE2}.Release|Any CPU.ActiveCfg = Release|Any CPU
		{ACC54D19-1768-4461-8120-083E46732DE2}.Release|Any CPU.Build.0 = Release|Any CPU
		{17583358-F4AC-4A10-83B6-2C2CDED073E2}.Debug|Any CPU.ActiveCfg = Debug|Any CPU
		{17583358-F4AC-4A10-83B6-2C2CDED073E2}.Debug|Any CPU.Build.0 = Debug|Any CPU
		{17583358-F4AC-4A10-83B6-2C2CDED073E2}.Release|Any CPU.ActiveCfg = Release|Any CPU
		{17583358-F4AC-4A10-83B6-2C2CDED073E2}.Release|Any CPU.Build.0 = Release|Any CPU
		{3CC3135C-7D7F-4379-BD95-3CBC27C37F08}.Debug|Any CPU.ActiveCfg = Debug|Any CPU
		{3CC3135C-7D7F-4379-BD95-3CBC27C37F08}.Debug|Any CPU.Build.0 = Debug|Any CPU
		{3CC3135C-7D7F-4379-BD95-3CBC27C37F08}.Release|Any CPU.ActiveCfg = Release|Any CPU
		{3CC3135C-7D7F-4379-BD95-3CBC27C37F08}.Release|Any CPU.Build.0 = Release|Any CPU
	EndGlobalSection
	GlobalSection(SolutionProperties) = preSolution
		HideSolutionNode = FALSE
	EndGlobalSection
	GlobalSection(NestedProjects) = preSolution
		{8F86FF98-8EEE-4EE6-B5B9-3BE2E4A0D74D} = {6179EC80-33DC-4CA2-B077-D063096B9ED3}
		{DEDEC4ED-072A-48B3-84FC-619C2A6EC05D} = {6179EC80-33DC-4CA2-B077-D063096B9ED3}
		{AA8217A2-2B04-4304-8D4C-D3F4E888C8B2} = {8F86FF98-8EEE-4EE6-B5B9-3BE2E4A0D74D}
		{155AE3D5-48EE-4AF4-B84E-B4FF87948E29} = {8F86FF98-8EEE-4EE6-B5B9-3BE2E4A0D74D}
		{8517637D-F7F3-427C-8F14-01C5A35999CE} = {8F86FF98-8EEE-4EE6-B5B9-3BE2E4A0D74D}
		{A93DAE34-D977-4310-A8E6-4985793850E2} = {8F86FF98-8EEE-4EE6-B5B9-3BE2E4A0D74D}
		{EC583F3D-1488-4EA5-9B5B-89C90A3A5952} = {A93DAE34-D977-4310-A8E6-4985793850E2}
		{E2D8DB2C-D0C7-4BE0-A240-41E94240CB7B} = {DEDEC4ED-072A-48B3-84FC-619C2A6EC05D}
		{093D045B-7B7D-4A7F-BAF1-717D71D3A6CF} = {DEDEC4ED-072A-48B3-84FC-619C2A6EC05D}
		{55040E54-6190-4806-B0CC-D8CDF623FFAE} = {DEDEC4ED-072A-48B3-84FC-619C2A6EC05D}
		{833AFD80-94A8-4979-BCD9-BA923FFCB23F} = {DEDEC4ED-072A-48B3-84FC-619C2A6EC05D}
		{C3D3C8D0-B5F1-4EE6-93FA-7AF5BD0F4B49} = {DEDEC4ED-072A-48B3-84FC-619C2A6EC05D}
		{ACC54D19-1768-4461-8120-083E46732DE2} = {C3D3C8D0-B5F1-4EE6-93FA-7AF5BD0F4B49}
		{17583358-F4AC-4A10-83B6-2C2CDED073E2} = {A93DAE34-D977-4310-A8E6-4985793850E2}
		{3CC3135C-7D7F-4379-BD95-3CBC27C37F08} = {C3D3C8D0-B5F1-4EE6-93FA-7AF5BD0F4B49}
	EndGlobalSection
	GlobalSection(ExtensibilityGlobals) = postSolution
		SolutionGuid = {4EC14436-1DC6-4246-9B63-839DA9A04998}
	EndGlobalSection
EndGlobal
